
Microsoft Visual Studio Solution File, Format Version 12.00
# Visual Studio Version 16
VisualStudioVersion = 16.0.32002.261
MinimumVisualStudioVersion = 10.0.40219.1
Project("{F184B08F-C81C-45F6-A57F-5ABD9991F28F}") = "Class_9.27", "Class_9.27\Class_9.27.vbproj", "{B40E7882-B833-4F7F-A903-D1A8F67CDCF4}"
EndProject
Global
	GlobalSection(SolutionConfigurationPlatforms) = preSolution
		Debug|Any CPU = Debug|Any CPU
		Release|Any CPU = Release|Any CPU
	EndGlobalSection
	GlobalSection(ProjectConfigurationPlatforms) = postSolution
		{B40E7882-B833-4F7F-A903-D1A8F67CDCF4}.Debug|Any CPU.ActiveCfg = Debug|Any CPU
		{B40E7882-B833-4F7F-A903-D1A8F67CDCF4}.Debug|Any CPU.Build.0 = Debug|Any CPU
		{B40E7882-B833-4F7F-A903-D1A8F67CDCF4}.Release|Any CPU.ActiveCfg = Release|Any CPU
		{B40E7882-B833-4F7F-A903-D1A8F67CDCF4}.Release|Any CPU.Build.0 = Release|Any CPU
	EndGlobalSection
	GlobalSection(SolutionProperties) = preSolution
		HideSolutionNode = FALSE
	EndGlobalSection
	GlobalSection(ExtensibilityGlobals) = postSolution
		SolutionGuid = {D63E2BA6-D685-471B-8718-6DAAF74A2F5D}
	EndGlobalSection
EndGlobal
